
Microsoft Visual Studio Solution File, Format Version 12.00
# Visual Studio Version 16
VisualStudioVersion = 16.0.29411.108
MinimumVisualStudioVersion = 10.0.40219.1
Project("{9A19103F-16F7-4668-BE54-9A1E7A4F7556}") = "Check2CORE", "APICore\Check2CORE.csproj", "{36F177FC-5988-4636-A55C-21D88513036A}"
EndProject
Project("{9A19103F-16F7-4668-BE54-9A1E7A4F7556}") = "BLL", "BLL\BLL.csproj", "{22013BBC-A3D3-46F1-9566-60A60BF67ADA}"
EndProject
Project("{9A19103F-16F7-4668-BE54-9A1E7A4F7556}") = "DAL", "DAL\DAL.csproj", "{27A1A520-2367-4ECB-9CAF-9AA5D37704C6}"
EndProject
Global
	GlobalSection(SolutionConfigurationPlatforms) = preSolution
		Debug|Any CPU = Debug|Any CPU
		Release|Any CPU = Release|Any CPU
	EndGlobalSection
	GlobalSection(ProjectConfigurationPlatforms) = postSolution
		{36F177FC-5988-4636-A55C-21D88513036A}.Debug|Any CPU.ActiveCfg = Debug|Any CPU
		{36F177FC-5988-4636-A55C-21D88513036A}.Debug|Any CPU.Build.0 = Debug|Any CPU
		{36F177FC-5988-4636-A55C-21D88513036A}.Release|Any CPU.ActiveCfg = Release|Any CPU
		{36F177FC-5988-4636-A55C-21D88513036A}.Release|Any CPU.Build.0 = Release|Any CPU
		{22013BBC-A3D3-46F1-9566-60A60BF67ADA}.Debug|Any CPU.ActiveCfg = Debug|Any CPU
		{22013BBC-A3D3-46F1-9566-60A60BF67ADA}.Debug|Any CPU.Build.0 = Debug|Any CPU
		{22013BBC-A3D3-46F1-9566-60A60BF67ADA}.Release|Any CPU.ActiveCfg = Release|Any CPU
		{22013BBC-A3D3-46F1-9566-60A60BF67ADA}.Release|Any CPU.Build.0 = Release|Any CPU
		{27A1A520-2367-4ECB-9CAF-9AA5D37704C6}.Debug|Any CPU.ActiveCfg = Debug|Any CPU
		{27A1A520-2367-4ECB-9CAF-9AA5D37704C6}.Debug|Any CPU.Build.0 = Debug|Any CPU
		{27A1A520-2367-4ECB-9CAF-9AA5D37704C6}.Release|Any CPU.ActiveCfg = Release|Any CPU
		{27A1A520-2367-4ECB-9CAF-9AA5D37704C6}.Release|Any CPU.Build.0 = Release|Any CPU
	EndGlobalSection
	GlobalSection(SolutionProperties) = preSolution
		HideSolutionNode = FALSE
	EndGlobalSection
	GlobalSection(ExtensibilityGlobals) = postSolution
		SolutionGuid = {EAB83B34-95A5-45DE-82A8-007A2F1E3CC1}
	EndGlobalSection
EndGlobal
